
Microsoft Visual Studio Solution File, Format Version 12.00
# Visual Studio Version 17
VisualStudioVersion = 17.4.33213.308
MinimumVisualStudioVersion = 10.0.40219.1
Project("{888888A0-9F3D-457C-B088-3A5042F75D52}") = "imdb_2024_data_visualization", "imdb_2024_data_visualization.pyproj", "{387EA60F-7948-40FB-9262-2C2185DFE6B6}"
EndProject
Global
	GlobalSection(SolutionConfigurationPlatforms) = preSolution
		Debug|Any CPU = Debug|Any CPU
		Release|Any CPU = Release|Any CPU
	EndGlobalSection
	GlobalSection(ProjectConfigurationPlatforms) = postSolution
		{387EA60F-7948-40FB-9262-2C2185DFE6B6}.Debug|Any CPU.ActiveCfg = Debug|Any CPU
		{387EA60F-7948-40FB-9262-2C2185DFE6B6}.Release|Any CPU.ActiveCfg = Release|Any CPU
	EndGlobalSection
	GlobalSection(SolutionProperties) = preSolution
		HideSolutionNode = FALSE
	EndGlobalSection
	GlobalSection(ExtensibilityGlobals) = postSolution
		SolutionGuid = {7765029B-2F6D-42C7-BAEB-9C533312CE68}
	EndGlobalSection
EndGlobal
